
Microsoft Visual Studio Solution File, Format Version 12.00
# Visual Studio Version 17
VisualStudioVersion = 17.4.33122.133
MinimumVisualStudioVersion = 10.0.40219.1
Project("{9A19103F-16F7-4668-BE54-9A1E7A4F7556}") = "ShopOnline.Web", "ShopOnline.Web\ShopOnline.Web.csproj", "{47695D24-C66A-4B2A-95E8-8C82B91BE63A}"
EndProject
Project("{9A19103F-16F7-4668-BE54-9A1E7A4F7556}") = "ShopOnline.Api", "ShopOnline.Api\ShopOnline.Api.csproj", "{3B82FC11-2879-4734-B113-18F8060AFA03}"
EndProject
Project("{FAE04EC0-301F-11D3-BF4B-00C04F79EFBC}") = "ShopOnline.Models", "ShopOnline.Models\ShopOnline.Models.csproj", "{A1CF4DB8-049C-4E53-BC9C-8F5932A7EF51}"
EndProject
Global
	GlobalSection(SolutionConfigurationPlatforms) = preSolution
		Debug|Any CPU = Debug|Any CPU
		Release|Any CPU = Release|Any CPU
	EndGlobalSection
	GlobalSection(ProjectConfigurationPlatforms) = postSolution
		{47695D24-C66A-4B2A-95E8-8C82B91BE63A}.Debug|Any CPU.ActiveCfg = Debug|Any CPU
		{47695D24-C66A-4B2A-95E8-8C82B91BE63A}.Debug|Any CPU.Build.0 = Debug|Any CPU
		{47695D24-C66A-4B2A-95E8-8C82B91BE63A}.Release|Any CPU.ActiveCfg = Release|Any CPU
		{47695D24-C66A-4B2A-95E8-8C82B91BE63A}.Release|Any CPU.Build.0 = Release|Any CPU
		{3B82FC11-2879-4734-B113-18F8060AFA03}.Debug|Any CPU.ActiveCfg = Debug|Any CPU
		{3B82FC11-2879-4734-B113-18F8060AFA03}.Debug|Any CPU.Build.0 = Debug|Any CPU
		{3B82FC11-2879-4734-B113-18F8060AFA03}.Release|Any CPU.ActiveCfg = Release|Any CPU
		{3B82FC11-2879-4734-B113-18F8060AFA03}.Release|Any CPU.Build.0 = Release|Any CPU
		{A1CF4DB8-049C-4E53-BC9C-8F5932A7EF51}.Debug|Any CPU.ActiveCfg = Debug|Any CPU
		{A1CF4DB8-049C-4E53-BC9C-8F5932A7EF51}.Debug|Any CPU.Build.0 = Debug|Any CPU
		{A1CF4DB8-049C-4E53-BC9C-8F5932A7EF51}.Release|Any CPU.ActiveCfg = Release|Any CPU
		{A1CF4DB8-049C-4E53-BC9C-8F5932A7EF51}.Release|Any CPU.Build.0 = Release|Any CPU
	EndGlobalSection
	GlobalSection(SolutionProperties) = preSolution
		HideSolutionNode = FALSE
	EndGlobalSection
	GlobalSection(ExtensibilityGlobals) = postSolution
		SolutionGuid = {D9B141E9-B154-40FA-B2D3-59A15EFBC2F3}
	EndGlobalSection
EndGlobal
